{
  "object": {
    "pins": [
      {
        "package": "Extension",
        "repositoryURL": "https://github.com/DingSoung/Extension",
        "state": {
          "branch": "master",
          "revision": "717eb0619fb236fe5ae000ab6bbb0a6102ff099a",
          "version": null
        }
      }
    ]
  },
  "version": 1
}
