{
  "object": {
    "pins": [
      {
        "package": "Extension",
        "repositoryURL": "https://github.com/DingSoung/Extension",
        "state": {
          "branch": "master",
          "revision": "6bb1b27f8fe6de7b2b2b90540181d6ed3cfcff70",
          "version": null
        }
      }
    ]
  },
  "version": 1
}
