// !$*UTF8*$!
{
	archiveVersion = 1;
	classes = {
	};
	objectVersion = 46;
	objects = {

/* Begin PBXBuildFile section */
		CE14D0131F8F66B4007F49D3 /* URLSessionConfiguration+Init.swift in Sources */ = {isa = PBXBuildFile; fileRef = CE14D0121F8F66B3007F49D3 /* URLSessionConfiguration+Init.swift */; };
		CE14D0141F8F67CB007F49D3 /* URLSessionConfiguration+Init.swift in Sources */ = {isa = PBXBuildFile; fileRef = CE14D0121F8F66B3007F49D3 /* URLSessionConfiguration+Init.swift */; };
		CE14D0151F8F67CC007F49D3 /* URLSessionConfiguration+Init.swift in Sources */ = {isa = PBXBuildFile; fileRef = CE14D0121F8F66B3007F49D3 /* URLSessionConfiguration+Init.swift */; };
		CE14D0161F8F67CC007F49D3 /* URLSessionConfiguration+Init.swift in Sources */ = {isa = PBXBuildFile; fileRef = CE14D0121F8F66B3007F49D3 /* URLSessionConfiguration+Init.swift */; };
		CE14D0171F8F67DF007F49D3 /* Network.swift in Sources */ = {isa = PBXBuildFile; fileRef = CE6086FD1F06630F007E99DC /* Network.swift */; };
		CE14D01D1F8F67E1007F49D3 /* Network.swift in Sources */ = {isa = PBXBuildFile; fileRef = CE6086FD1F06630F007E99DC /* Network.swift */; };
		CE14D0211F8F67E1007F49D3 /* SCNetworkReachability.swift in Sources */ = {isa = PBXBuildFile; fileRef = CECAA5EE1F4157FC0018FE84 /* SCNetworkReachability.swift */; };
		CE14D0231F8F67E2007F49D3 /* Network.swift in Sources */ = {isa = PBXBuildFile; fileRef = CE6086FD1F06630F007E99DC /* Network.swift */; };
		CE14D0271F8F67E2007F49D3 /* SCNetworkReachability.swift in Sources */ = {isa = PBXBuildFile; fileRef = CECAA5EE1F4157FC0018FE84 /* SCNetworkReachability.swift */; };
		CE6086F71F0662A1007E99DC /* Network.h in Headers */ = {isa = PBXBuildFile; fileRef = CE6086F51F0662A0007E99DC /* Network.h */; settings = {ATTRIBUTES = (Public, ); }; };
		CE6086FF1F06630F007E99DC /* Network.swift in Sources */ = {isa = PBXBuildFile; fileRef = CE6086FD1F06630F007E99DC /* Network.swift */; };
		CE820B7520995ECA00A41DB1 /* URLRequest+Init.swift in Sources */ = {isa = PBXBuildFile; fileRef = CE820B7420995ECA00A41DB1 /* URLRequest+Init.swift */; };
		CE820B7620995ECA00A41DB1 /* URLRequest+Init.swift in Sources */ = {isa = PBXBuildFile; fileRef = CE820B7420995ECA00A41DB1 /* URLRequest+Init.swift */; };
		CE820B7720995ECA00A41DB1 /* URLRequest+Init.swift in Sources */ = {isa = PBXBuildFile; fileRef = CE820B7420995ECA00A41DB1 /* URLRequest+Init.swift */; };
		CE820B7820995ECA00A41DB1 /* URLRequest+Init.swift in Sources */ = {isa = PBXBuildFile; fileRef = CE820B7420995ECA00A41DB1 /* URLRequest+Init.swift */; };
		CE820B852099E74C00A41DB1 /* URLRequest+dataTask.swift in Sources */ = {isa = PBXBuildFile; fileRef = CE820B842099E74C00A41DB1 /* URLRequest+dataTask.swift */; };
		CE820B862099E74C00A41DB1 /* URLRequest+dataTask.swift in Sources */ = {isa = PBXBuildFile; fileRef = CE820B842099E74C00A41DB1 /* URLRequest+dataTask.swift */; };
		CE820B872099E74C00A41DB1 /* URLRequest+dataTask.swift in Sources */ = {isa = PBXBuildFile; fileRef = CE820B842099E74C00A41DB1 /* URLRequest+dataTask.swift */; };
		CE820B882099E74C00A41DB1 /* URLRequest+dataTask.swift in Sources */ = {isa = PBXBuildFile; fileRef = CE820B842099E74C00A41DB1 /* URLRequest+dataTask.swift */; };
		CE820B8A2099E77000A41DB1 /* URLRequest+downloadTask.swift in Sources */ = {isa = PBXBuildFile; fileRef = CE820B892099E77000A41DB1 /* URLRequest+downloadTask.swift */; };
		CE820B8B2099E77000A41DB1 /* URLRequest+downloadTask.swift in Sources */ = {isa = PBXBuildFile; fileRef = CE820B892099E77000A41DB1 /* URLRequest+downloadTask.swift */; };
		CE820B8C2099E77000A41DB1 /* URLRequest+downloadTask.swift in Sources */ = {isa = PBXBuildFile; fileRef = CE820B892099E77000A41DB1 /* URLRequest+downloadTask.swift */; };
		CE820B8D2099E77000A41DB1 /* URLRequest+downloadTask.swift in Sources */ = {isa = PBXBuildFile; fileRef = CE820B892099E77000A41DB1 /* URLRequest+downloadTask.swift */; };
		CE820BB52099EBAB00A41DB1 /* Network.framework in Frameworks */ = {isa = PBXBuildFile; fileRef = CE6086F21F0662A0007E99DC /* Network.framework */; };
		CE97565A209B4C68001C9A00 /* Objc.swift in Sources */ = {isa = PBXBuildFile; fileRef = CE975659209B4C68001C9A00 /* Objc.swift */; };
		CE97565B209B4C68001C9A00 /* Objc.swift in Sources */ = {isa = PBXBuildFile; fileRef = CE975659209B4C68001C9A00 /* Objc.swift */; };
		CE97565C209B4C68001C9A00 /* Objc.swift in Sources */ = {isa = PBXBuildFile; fileRef = CE975659209B4C68001C9A00 /* Objc.swift */; };
		CE97565D209B4C68001C9A00 /* Objc.swift in Sources */ = {isa = PBXBuildFile; fileRef = CE975659209B4C68001C9A00 /* Objc.swift */; };
		CE9AEA3F1F711F860010D22E /* Network_watchOS.h in Headers */ = {isa = PBXBuildFile; fileRef = CE9AEA3D1F711F860010D22E /* Network_watchOS.h */; settings = {ATTRIBUTES = (Public, ); }; };
		CE9AEA4C1F711F930010D22E /* Network_tvOS.h in Headers */ = {isa = PBXBuildFile; fileRef = CE9AEA4A1F711F930010D22E /* Network_tvOS.h */; settings = {ATTRIBUTES = (Public, ); }; };
		CE9AEA591F711FA30010D22E /* Network_macOS.h in Headers */ = {isa = PBXBuildFile; fileRef = CE9AEA571F711FA30010D22E /* Network_macOS.h */; settings = {ATTRIBUTES = (Public, ); }; };
		CECAA5EF1F4157FC0018FE84 /* SCNetworkReachability.swift in Sources */ = {isa = PBXBuildFile; fileRef = CECAA5EE1F4157FC0018FE84 /* SCNetworkReachability.swift */; };
/* End PBXBuildFile section */

/* Begin PBXContainerItemProxy section */
		CE820BB62099EBAB00A41DB1 /* PBXContainerItemProxy */ = {
			isa = PBXContainerItemProxy;
			containerPortal = CE6086E91F0662A0007E99DC /* Project object */;
			proxyType = 1;
			remoteGlobalIDString = CE6086F11F0662A0007E99DC;
			remoteInfo = Network;
		};
/* End PBXContainerItemProxy section */

/* Begin PBXFileReference section */
		CE14D0121F8F66B3007F49D3 /* URLSessionConfiguration+Init.swift */ = {isa = PBXFileReference; lastKnownFileType = sourcecode.swift; path = "URLSessionConfiguration+Init.swift"; sourceTree = "<group>"; };
		CE6086F21F0662A0007E99DC /* Network.framework */ = {isa = PBXFileReference; explicitFileType = wrapper.framework; includeInIndex = 0; path = Network.framework; sourceTree = BUILT_PRODUCTS_DIR; };
		CE6086F51F0662A0007E99DC /* Network.h */ = {isa = PBXFileReference; lastKnownFileType = sourcecode.c.h; path = Network.h; sourceTree = "<group>"; };
		CE6086F61F0662A1007E99DC /* Info.plist */ = {isa = PBXFileReference; lastKnownFileType = text.plist.xml; path = Info.plist; sourceTree = "<group>"; };
		CE6086FD1F06630F007E99DC /* Network.swift */ = {isa = PBXFileReference; fileEncoding = 4; lastKnownFileType = sourcecode.swift; path = Network.swift; sourceTree = "<group>"; };
		CE820B7420995ECA00A41DB1 /* URLRequest+Init.swift */ = {isa = PBXFileReference; lastKnownFileType = sourcecode.swift; path = "URLRequest+Init.swift"; sourceTree = "<group>"; };
		CE820B842099E74C00A41DB1 /* URLRequest+dataTask.swift */ = {isa = PBXFileReference; lastKnownFileType = sourcecode.swift; path = "URLRequest+dataTask.swift"; sourceTree = "<group>"; };
		CE820B892099E77000A41DB1 /* URLRequest+downloadTask.swift */ = {isa = PBXFileReference; lastKnownFileType = sourcecode.swift; path = "URLRequest+downloadTask.swift"; sourceTree = "<group>"; };
		CE820BB02099EBAB00A41DB1 /* NetworkTests.xctest */ = {isa = PBXFileReference; explicitFileType = wrapper.cfbundle; includeInIndex = 0; path = NetworkTests.xctest; sourceTree = BUILT_PRODUCTS_DIR; };
		CE975659209B4C68001C9A00 /* Objc.swift */ = {isa = PBXFileReference; lastKnownFileType = sourcecode.swift; path = Objc.swift; sourceTree = "<group>"; };
		CE9AEA3B1F711F860010D22E /* Network_watchOS.framework */ = {isa = PBXFileReference; explicitFileType = wrapper.framework; includeInIndex = 0; path = Network_watchOS.framework; sourceTree = BUILT_PRODUCTS_DIR; };
		CE9AEA3D1F711F860010D22E /* Network_watchOS.h */ = {isa = PBXFileReference; lastKnownFileType = sourcecode.c.h; path = Network_watchOS.h; sourceTree = "<group>"; };
		CE9AEA3E1F711F860010D22E /* Info.plist */ = {isa = PBXFileReference; lastKnownFileType = text.plist.xml; path = Info.plist; sourceTree = "<group>"; };
		CE9AEA481F711F930010D22E /* Network_tvOS.framework */ = {isa = PBXFileReference; explicitFileType = wrapper.framework; includeInIndex = 0; path = Network_tvOS.framework; sourceTree = BUILT_PRODUCTS_DIR; };
		CE9AEA4A1F711F930010D22E /* Network_tvOS.h */ = {isa = PBXFileReference; lastKnownFileType = sourcecode.c.h; path = Network_tvOS.h; sourceTree = "<group>"; };
		CE9AEA4B1F711F930010D22E /* Info.plist */ = {isa = PBXFileReference; lastKnownFileType = text.plist.xml; path = Info.plist; sourceTree = "<group>"; };
		CE9AEA551F711FA30010D22E /* Network_macOS.framework */ = {isa = PBXFileReference; explicitFileType = wrapper.framework; includeInIndex = 0; path = Network_macOS.framework; sourceTree = BUILT_PRODUCTS_DIR; };
		CE9AEA571F711FA30010D22E /* Network_macOS.h */ = {isa = PBXFileReference; lastKnownFileType = sourcecode.c.h; path = Network_macOS.h; sourceTree = "<group>"; };
		CE9AEA581F711FA30010D22E /* Info.plist */ = {isa = PBXFileReference; lastKnownFileType = text.plist.xml; path = Info.plist; sourceTree = "<group>"; };
		CECAA5EE1F4157FC0018FE84 /* SCNetworkReachability.swift */ = {isa = PBXFileReference; fileEncoding = 4; lastKnownFileType = sourcecode.swift; path = SCNetworkReachability.swift; sourceTree = "<group>"; };
/* End PBXFileReference section */

/* Begin PBXFrameworksBuildPhase section */
		CE6086EE1F0662A0007E99DC /* Frameworks */ = {
			isa = PBXFrameworksBuildPhase;
			buildActionMask = 2147483647;
			files = (
			);
			runOnlyForDeploymentPostprocessing = 0;
		};
		CE820BAD2099EBAB00A41DB1 /* Frameworks */ = {
			isa = PBXFrameworksBuildPhase;
			buildActionMask = 2147483647;
			files = (
				CE820BB52099EBAB00A41DB1 /* Network.framework in Frameworks */,
			);
			runOnlyForDeploymentPostprocessing = 0;
		};
		CE9AEA371F711F860010D22E /* Frameworks */ = {
			isa = PBXFrameworksBuildPhase;
			buildActionMask = 2147483647;
			files = (
			);
			runOnlyForDeploymentPostprocessing = 0;
		};
		CE9AEA441F711F930010D22E /* Frameworks */ = {
			isa = PBXFrameworksBuildPhase;
			buildActionMask = 2147483647;
			files = (
			);
			runOnlyForDeploymentPostprocessing = 0;
		};
		CE9AEA511F711FA30010D22E /* Frameworks */ = {
			isa = PBXFrameworksBuildPhase;
			buildActionMask = 2147483647;
			files = (
			);
			runOnlyForDeploymentPostprocessing = 0;
		};
/* End PBXFrameworksBuildPhase section */

/* Begin PBXGroup section */
		CE6086E81F0662A0007E99DC = {
			isa = PBXGroup;
			children = (
				CE820B792099663500A41DB1 /* Classes */,
				CE6086F41F0662A0007E99DC /* Network */,
				CE9AEA3C1F711F860010D22E /* Network_watchOS */,
				CE9AEA491F711F930010D22E /* Network_tvOS */,
				CE9AEA561F711FA30010D22E /* Network_macOS */,
				CE6086F31F0662A0007E99DC /* Products */,
			);
			sourceTree = "<group>";
		};
		CE6086F31F0662A0007E99DC /* Products */ = {
			isa = PBXGroup;
			children = (
				CE6086F21F0662A0007E99DC /* Network.framework */,
				CE9AEA3B1F711F860010D22E /* Network_watchOS.framework */,
				CE9AEA481F711F930010D22E /* Network_tvOS.framework */,
				CE9AEA551F711FA30010D22E /* Network_macOS.framework */,
				CE820BB02099EBAB00A41DB1 /* NetworkTests.xctest */,
			);
			name = Products;
			sourceTree = "<group>";
		};
		CE6086F41F0662A0007E99DC /* Network */ = {
			isa = PBXGroup;
			children = (
				CE6086F51F0662A0007E99DC /* Network.h */,
				CE6086F61F0662A1007E99DC /* Info.plist */,
			);
			path = Network;
			sourceTree = "<group>";
		};
		CE820B792099663500A41DB1 /* Classes */ = {
			isa = PBXGroup;
			children = (
				CE975659209B4C68001C9A00 /* Objc.swift */,
				CE6086FD1F06630F007E99DC /* Network.swift */,
				CE14D0121F8F66B3007F49D3 /* URLSessionConfiguration+Init.swift */,
				CE820B7420995ECA00A41DB1 /* URLRequest+Init.swift */,
				CE820B842099E74C00A41DB1 /* URLRequest+dataTask.swift */,
				CE820B892099E77000A41DB1 /* URLRequest+downloadTask.swift */,
				CECAA5EE1F4157FC0018FE84 /* SCNetworkReachability.swift */,
			);
			path = Classes;
			sourceTree = "<group>";
		};
		CE9AEA3C1F711F860010D22E /* Network_watchOS */ = {
			isa = PBXGroup;
			children = (
				CE9AEA3D1F711F860010D22E /* Network_watchOS.h */,
				CE9AEA3E1F711F860010D22E /* Info.plist */,
			);
			path = Network_watchOS;
			sourceTree = "<group>";
		};
		CE9AEA491F711F930010D22E /* Network_tvOS */ = {
			isa = PBXGroup;
			children = (
				CE9AEA4A1F711F930010D22E /* Network_tvOS.h */,
				CE9AEA4B1F711F930010D22E /* Info.plist */,
			);
			path = Network_tvOS;
			sourceTree = "<group>";
		};
		CE9AEA561F711FA30010D22E /* Network_macOS */ = {
			isa = PBXGroup;
			children = (
				CE9AEA571F711FA30010D22E /* Network_macOS.h */,
				CE9AEA581F711FA30010D22E /* Info.plist */,
			);
			path = Network_macOS;
			sourceTree = "<group>";
		};
/* End PBXGroup section */

/* Begin PBXHeadersBuildPhase section */
		CE6086EF1F0662A0007E99DC /* Headers */ = {
			isa = PBXHeadersBuildPhase;
			buildActionMask = 2147483647;
			files = (
				CE6086F71F0662A1007E99DC /* Network.h in Headers */,
			);
			runOnlyForDeploymentPostprocessing = 0;
		};
		CE9AEA381F711F860010D22E /* Headers */ = {
			isa = PBXHeadersBuildPhase;
			buildActionMask = 2147483647;
			files = (
				CE9AEA3F1F711F860010D22E /* Network_watchOS.h in Headers */,
			);
			runOnlyForDeploymentPostprocessing = 0;
		};
		CE9AEA451F711F930010D22E /* Headers */ = {
			isa = PBXHeadersBuildPhase;
			buildActionMask = 2147483647;
			files = (
				CE9AEA4C1F711F930010D22E /* Network_tvOS.h in Headers */,
			);
			runOnlyForDeploymentPostprocessing = 0;
		};
		CE9AEA521F711FA30010D22E /* Headers */ = {
			isa = PBXHeadersBuildPhase;
			buildActionMask = 2147483647;
			files = (
				CE9AEA591F711FA30010D22E /* Network_macOS.h in Headers */,
			);
			runOnlyForDeploymentPostprocessing = 0;
		};
/* End PBXHeadersBuildPhase section */

/* Begin PBXNativeTarget section */
		CE6086F11F0662A0007E99DC /* Network */ = {
			isa = PBXNativeTarget;
			buildConfigurationList = CE6086FA1F0662A1007E99DC /* Build configuration list for PBXNativeTarget "Network" */;
			buildPhases = (
				CE6086ED1F0662A0007E99DC /* Sources */,
				CE6086EE1F0662A0007E99DC /* Frameworks */,
				CE6086EF1F0662A0007E99DC /* Headers */,
				CE6086F01F0662A0007E99DC /* Resources */,
				CEF511ED1FDFDB55008C84C9 /* SwiftLint Script */,
			);
			buildRules = (
			);
			dependencies = (
			);
			name = Network;
			productName = Network;
			productReference = CE6086F21F0662A0007E99DC /* Network.framework */;
			productType = "com.apple.product-type.framework";
		};
		CE820BAF2099EBAB00A41DB1 /* NetworkTests */ = {
			isa = PBXNativeTarget;
			buildConfigurationList = CE820BB82099EBAB00A41DB1 /* Build configuration list for PBXNativeTarget "NetworkTests" */;
			buildPhases = (
				CE820BAC2099EBAB00A41DB1 /* Sources */,
				CE820BAD2099EBAB00A41DB1 /* Frameworks */,
				CE820BAE2099EBAB00A41DB1 /* Resources */,
			);
			buildRules = (
			);
			dependencies = (
				CE820BB72099EBAB00A41DB1 /* PBXTargetDependency */,
			);
			name = NetworkTests;
			productName = NetworkTests;
			productReference = CE820BB02099EBAB00A41DB1 /* NetworkTests.xctest */;
			productType = "com.apple.product-type.bundle.unit-test";
		};
		CE9AEA3A1F711F860010D22E /* Network_watchOS */ = {
			isa = PBXNativeTarget;
			buildConfigurationList = CE9AEA401F711F860010D22E /* Build configuration list for PBXNativeTarget "Network_watchOS" */;
			buildPhases = (
				CE9AEA361F711F860010D22E /* Sources */,
				CE9AEA371F711F860010D22E /* Frameworks */,
				CE9AEA381F711F860010D22E /* Headers */,
				CE9AEA391F711F860010D22E /* Resources */,
			);
			buildRules = (
			);
			dependencies = (
			);
			name = Network_watchOS;
			productName = Network_watchOS;
			productReference = CE9AEA3B1F711F860010D22E /* Network_watchOS.framework */;
			productType = "com.apple.product-type.framework";
		};
		CE9AEA471F711F930010D22E /* Network_tvOS */ = {
			isa = PBXNativeTarget;
			buildConfigurationList = CE9AEA4D1F711F930010D22E /* Build configuration list for PBXNativeTarget "Network_tvOS" */;
			buildPhases = (
				CE9AEA431F711F930010D22E /* Sources */,
				CE9AEA441F711F930010D22E /* Frameworks */,
				CE9AEA451F711F930010D22E /* Headers */,
				CE9AEA461F711F930010D22E /* Resources */,
			);
			buildRules = (
			);
			dependencies = (
			);
			name = Network_tvOS;
			productName = Network_tvOS;
			productReference = CE9AEA481F711F930010D22E /* Network_tvOS.framework */;
			productType = "com.apple.product-type.framework";
		};
		CE9AEA541F711FA30010D22E /* Network_macOS */ = {
			isa = PBXNativeTarget;
			buildConfigurationList = CE9AEA5A1F711FA30010D22E /* Build configuration list for PBXNativeTarget "Network_macOS" */;
			buildPhases = (
				CE9AEA501F711FA30010D22E /* Sources */,
				CE9AEA511F711FA30010D22E /* Frameworks */,
				CE9AEA521F711FA30010D22E /* Headers */,
				CE9AEA531F711FA30010D22E /* Resources */,
			);
			buildRules = (
			);
			dependencies = (
			);
			name = Network_macOS;
			productName = Network_macOS;
			productReference = CE9AEA551F711FA30010D22E /* Network_macOS.framework */;
			productType = "com.apple.product-type.framework";
		};
/* End PBXNativeTarget section */

/* Begin PBXProject section */
		CE6086E91F0662A0007E99DC /* Project object */ = {
			isa = PBXProject;
			attributes = {
				LastSwiftUpdateCheck = 0930;
				LastUpgradeCheck = 0930;
				ORGANIZATIONNAME = DingSoung;
				TargetAttributes = {
					CE6086F11F0662A0007E99DC = {
						CreatedOnToolsVersion = 8.3.2;
						DevelopmentTeam = DD5P45UV7Y;
						LastSwiftMigration = 0830;
						ProvisioningStyle = Automatic;
					};
					CE820BAF2099EBAB00A41DB1 = {
						CreatedOnToolsVersion = 9.3;
						DevelopmentTeam = DD5P45UV7Y;
						ProvisioningStyle = Automatic;
					};
					CE9AEA3A1F711F860010D22E = {
						CreatedOnToolsVersion = 9.0;
						DevelopmentTeam = DD5P45UV7Y;
						ProvisioningStyle = Automatic;
					};
					CE9AEA471F711F930010D22E = {
						CreatedOnToolsVersion = 9.0;
						DevelopmentTeam = DD5P45UV7Y;
						ProvisioningStyle = Automatic;
					};
					CE9AEA541F711FA30010D22E = {
						CreatedOnToolsVersion = 9.0;
						DevelopmentTeam = DD5P45UV7Y;
						ProvisioningStyle = Automatic;
					};
				};
			};
			buildConfigurationList = CE6086EC1F0662A0007E99DC /* Build configuration list for PBXProject "Network" */;
			compatibilityVersion = "Xcode 3.2";
			developmentRegion = English;
			hasScannedForEncodings = 0;
			knownRegions = (
				en,
			);
			mainGroup = CE6086E81F0662A0007E99DC;
			productRefGroup = CE6086F31F0662A0007E99DC /* Products */;
			projectDirPath = "";
			projectRoot = "";
			targets = (
				CE6086F11F0662A0007E99DC /* Network */,
				CE9AEA541F711FA30010D22E /* Network_macOS */,
				CE9AEA471F711F930010D22E /* Network_tvOS */,
				CE9AEA3A1F711F860010D22E /* Network_watchOS */,
				CE820BAF2099EBAB00A41DB1 /* NetworkTests */,
			);
		};
/* End PBXProject section */

/* Begin PBXResourcesBuildPhase section */
		CE6086F01F0662A0007E99DC /* Resources */ = {
			isa = PBXResourcesBuildPhase;
			buildActionMask = 2147483647;
			files = (
			);
			runOnlyForDeploymentPostprocessing = 0;
		};
		CE820BAE2099EBAB00A41DB1 /* Resources */ = {
			isa = PBXResourcesBuildPhase;
			buildActionMask = 2147483647;
			files = (
			);
			runOnlyForDeploymentPostprocessing = 0;
		};
		CE9AEA391F711F860010D22E /* Resources */ = {
			isa = PBXResourcesBuildPhase;
			buildActionMask = 2147483647;
			files = (
			);
			runOnlyForDeploymentPostprocessing = 0;
		};
		CE9AEA461F711F930010D22E /* Resources */ = {
			isa = PBXResourcesBuildPhase;
			buildActionMask = 2147483647;
			files = (
			);
			runOnlyForDeploymentPostprocessing = 0;
		};
		CE9AEA531F711FA30010D22E /* Resources */ = {
			isa = PBXResourcesBuildPhase;
			buildActionMask = 2147483647;
			files = (
			);
			runOnlyForDeploymentPostprocessing = 0;
		};
/* End PBXResourcesBuildPhase section */

/* Begin PBXShellScriptBuildPhase section */
		CEF511ED1FDFDB55008C84C9 /* SwiftLint Script */ = {
			isa = PBXShellScriptBuildPhase;
			buildActionMask = 2147483647;
			files = (
			);
			inputPaths = (
			);
			name = "SwiftLint Script";
			outputPaths = (
			);
			runOnlyForDeploymentPostprocessing = 0;
			shellPath = /bin/sh;
			shellScript = "if which swiftlint >/dev/null; then\nswiftlint\nelse\necho \"warning: SwiftLint not installed, download from https://github.com/realm/SwiftLint\"\nfi";
		};
/* End PBXShellScriptBuildPhase section */

/* Begin PBXSourcesBuildPhase section */
		CE6086ED1F0662A0007E99DC /* Sources */ = {
			isa = PBXSourcesBuildPhase;
			buildActionMask = 2147483647;
			files = (
				CE820B852099E74C00A41DB1 /* URLRequest+dataTask.swift in Sources */,
				CE97565A209B4C68001C9A00 /* Objc.swift in Sources */,
				CE820B7520995ECA00A41DB1 /* URLRequest+Init.swift in Sources */,
				CE14D0131F8F66B4007F49D3 /* URLSessionConfiguration+Init.swift in Sources */,
				CE820B8A2099E77000A41DB1 /* URLRequest+downloadTask.swift in Sources */,
				CE6086FF1F06630F007E99DC /* Network.swift in Sources */,
				CECAA5EF1F4157FC0018FE84 /* SCNetworkReachability.swift in Sources */,
			);
			runOnlyForDeploymentPostprocessing = 0;
		};
		CE820BAC2099EBAB00A41DB1 /* Sources */ = {
			isa = PBXSourcesBuildPhase;
			buildActionMask = 2147483647;
			files = (
			);
			runOnlyForDeploymentPostprocessing = 0;
		};
		CE9AEA361F711F860010D22E /* Sources */ = {
			isa = PBXSourcesBuildPhase;
			buildActionMask = 2147483647;
			files = (
				CE820B862099E74C00A41DB1 /* URLRequest+dataTask.swift in Sources */,
				CE820B8B2099E77000A41DB1 /* URLRequest+downloadTask.swift in Sources */,
				CE820B7620995ECA00A41DB1 /* URLRequest+Init.swift in Sources */,
				CE97565D209B4C68001C9A00 /* Objc.swift in Sources */,
				CE14D0171F8F67DF007F49D3 /* Network.swift in Sources */,
				CE14D0141F8F67CB007F49D3 /* URLSessionConfiguration+Init.swift in Sources */,
			);
			runOnlyForDeploymentPostprocessing = 0;
		};
		CE9AEA431F711F930010D22E /* Sources */ = {
			isa = PBXSourcesBuildPhase;
			buildActionMask = 2147483647;
			files = (
				CE820B872099E74C00A41DB1 /* URLRequest+dataTask.swift in Sources */,
				CE97565C209B4C68001C9A00 /* Objc.swift in Sources */,
				CE14D0271F8F67E2007F49D3 /* SCNetworkReachability.swift in Sources */,
				CE820B8C2099E77000A41DB1 /* URLRequest+downloadTask.swift in Sources */,
				CE820B7720995ECA00A41DB1 /* URLRequest+Init.swift in Sources */,
				CE14D0231F8F67E2007F49D3 /* Network.swift in Sources */,
				CE14D0151F8F67CC007F49D3 /* URLSessionConfiguration+Init.swift in Sources */,
			);
			runOnlyForDeploymentPostprocessing = 0;
		};
		CE9AEA501F711FA30010D22E /* Sources */ = {
			isa = PBXSourcesBuildPhase;
			buildActionMask = 2147483647;
			files = (
				CE820B882099E74C00A41DB1 /* URLRequest+dataTask.swift in Sources */,
				CE97565B209B4C68001C9A00 /* Objc.swift in Sources */,
				CE14D0211F8F67E1007F49D3 /* SCNetworkReachability.swift in Sources */,
				CE820B8D2099E77000A41DB1 /* URLRequest+downloadTask.swift in Sources */,
				CE820B7820995ECA00A41DB1 /* URLRequest+Init.swift in Sources */,
				CE14D01D1F8F67E1007F49D3 /* Network.swift in Sources */,
				CE14D0161F8F67CC007F49D3 /* URLSessionConfiguration+Init.swift in Sources */,
			);
			runOnlyForDeploymentPostprocessing = 0;
		};
/* End PBXSourcesBuildPhase section */

/* Begin PBXTargetDependency section */
		CE820BB72099EBAB00A41DB1 /* PBXTargetDependency */ = {
			isa = PBXTargetDependency;
			target = CE6086F11F0662A0007E99DC /* Network */;
			targetProxy = CE820BB62099EBAB00A41DB1 /* PBXContainerItemProxy */;
		};
/* End PBXTargetDependency section */

/* Begin XCBuildConfiguration section */
		CE6086F81F0662A1007E99DC /* Debug */ = {
			isa = XCBuildConfiguration;
			buildSettings = {
				ALWAYS_SEARCH_USER_PATHS = NO;
				CLANG_ANALYZER_NONNULL = YES;
				CLANG_ANALYZER_NUMBER_OBJECT_CONVERSION = YES_AGGRESSIVE;
				CLANG_CXX_LANGUAGE_STANDARD = "gnu++0x";
				CLANG_CXX_LIBRARY = "libc++";
				CLANG_ENABLE_MODULES = YES;
				CLANG_ENABLE_OBJC_ARC = YES;
				CLANG_WARN_BLOCK_CAPTURE_AUTORELEASING = YES;
				CLANG_WARN_BOOL_CONVERSION = YES;
				CLANG_WARN_COMMA = YES;
				CLANG_WARN_CONSTANT_CONVERSION = YES;
				CLANG_WARN_DEPRECATED_OBJC_IMPLEMENTATIONS = YES;
				CLANG_WARN_DIRECT_OBJC_ISA_USAGE = YES_ERROR;
				CLANG_WARN_DOCUMENTATION_COMMENTS = YES;
				CLANG_WARN_EMPTY_BODY = YES;
				CLANG_WARN_ENUM_CONVERSION = YES;
				CLANG_WARN_INFINITE_RECURSION = YES;
				CLANG_WARN_INT_CONVERSION = YES;
				CLANG_WARN_NON_LITERAL_NULL_CONVERSION = YES;
				CLANG_WARN_OBJC_IMPLICIT_RETAIN_SELF = YES;
				CLANG_WARN_OBJC_LITERAL_CONVERSION = YES;
				CLANG_WARN_OBJC_ROOT_CLASS = YES_ERROR;
				CLANG_WARN_RANGE_LOOP_ANALYSIS = YES;
				CLANG_WARN_STRICT_PROTOTYPES = YES;
				CLANG_WARN_SUSPICIOUS_MOVE = YES;
				CLANG_WARN_UNREACHABLE_CODE = YES;
				CLANG_WARN__DUPLICATE_METHOD_MATCH = YES;
				"CODE_SIGN_IDENTITY[sdk=iphoneos*]" = "iPhone Developer";
				COPY_PHASE_STRIP = NO;
				CURRENT_PROJECT_VERSION = 1;
				DEBUG_INFORMATION_FORMAT = dwarf;
				ENABLE_STRICT_OBJC_MSGSEND = YES;
				ENABLE_TESTABILITY = YES;
				GCC_C_LANGUAGE_STANDARD = gnu99;
				GCC_DYNAMIC_NO_PIC = NO;
				GCC_NO_COMMON_BLOCKS = YES;
				GCC_OPTIMIZATION_LEVEL = 0;
				GCC_PREPROCESSOR_DEFINITIONS = (
					"DEBUG=1",
					"$(inherited)",
				);
				GCC_WARN_64_TO_32_BIT_CONVERSION = YES;
				GCC_WARN_ABOUT_RETURN_TYPE = YES_ERROR;
				GCC_WARN_UNDECLARED_SELECTOR = YES;
				GCC_WARN_UNINITIALIZED_AUTOS = YES_AGGRESSIVE;
				GCC_WARN_UNUSED_FUNCTION = YES;
				GCC_WARN_UNUSED_VARIABLE = YES;
				IPHONEOS_DEPLOYMENT_TARGET = 8.0;
				MTL_ENABLE_DEBUG_INFO = YES;
				ONLY_ACTIVE_ARCH = YES;
				SDKROOT = iphoneos;
				TARGETED_DEVICE_FAMILY = "1,2";
				VERSIONING_SYSTEM = "apple-generic";
				VERSION_INFO_PREFIX = "";
			};
			name = Debug;
		};
		CE6086F91F0662A1007E99DC /* Release */ = {
			isa = XCBuildConfiguration;
			buildSettings = {
				ALWAYS_SEARCH_USER_PATHS = NO;
				CLANG_ANALYZER_NONNULL = YES;
				CLANG_ANALYZER_NUMBER_OBJECT_CONVERSION = YES_AGGRESSIVE;
				CLANG_CXX_LANGUAGE_STANDARD = "gnu++0x";
				CLANG_CXX_LIBRARY = "libc++";
				CLANG_ENABLE_MODULES = YES;
				CLANG_ENABLE_OBJC_ARC = YES;
				CLANG_WARN_BLOCK_CAPTURE_AUTORELEASING = YES;
				CLANG_WARN_BOOL_CONVERSION = YES;
				CLANG_WARN_COMMA = YES;
				CLANG_WARN_CONSTANT_CONVERSION = YES;
				CLANG_WARN_DEPRECATED_OBJC_IMPLEMENTATIONS = YES;
				CLANG_WARN_DIRECT_OBJC_ISA_USAGE = YES_ERROR;
				CLANG_WARN_DOCUMENTATION_COMMENTS = YES;
				CLANG_WARN_EMPTY_BODY = YES;
				CLANG_WARN_ENUM_CONVERSION = YES;
				CLANG_WARN_INFINITE_RECURSION = YES;
				CLANG_WARN_INT_CONVERSION = YES;
				CLANG_WARN_NON_LITERAL_NULL_CONVERSION = YES;
				CLANG_WARN_OBJC_IMPLICIT_RETAIN_SELF = YES;
				CLANG_WARN_OBJC_LITERAL_CONVERSION = YES;
				CLANG_WARN_OBJC_ROOT_CLASS = YES_ERROR;
				CLANG_WARN_RANGE_LOOP_ANALYSIS = YES;
				CLANG_WARN_STRICT_PROTOTYPES = YES;
				CLANG_WARN_SUSPICIOUS_MOVE = YES;
				CLANG_WARN_UNREACHABLE_CODE = YES;
				CLANG_WARN__DUPLICATE_METHOD_MATCH = YES;
				"CODE_SIGN_IDENTITY[sdk=iphoneos*]" = "iPhone Developer";
				COPY_PHASE_STRIP = NO;
				CURRENT_PROJECT_VERSION = 1;
				DEBUG_INFORMATION_FORMAT = "dwarf-with-dsym";
				ENABLE_NS_ASSERTIONS = NO;
				ENABLE_STRICT_OBJC_MSGSEND = YES;
				GCC_C_LANGUAGE_STANDARD = gnu99;
				GCC_NO_COMMON_BLOCKS = YES;
				GCC_WARN_64_TO_32_BIT_CONVERSION = YES;
				GCC_WARN_ABOUT_RETURN_TYPE = YES_ERROR;
				GCC_WARN_UNDECLARED_SELECTOR = YES;
				GCC_WARN_UNINITIALIZED_AUTOS = YES_AGGRESSIVE;
				GCC_WARN_UNUSED_FUNCTION = YES;
				GCC_WARN_UNUSED_VARIABLE = YES;
				IPHONEOS_DEPLOYMENT_TARGET = 8.0;
				MTL_ENABLE_DEBUG_INFO = NO;
				SDKROOT = iphoneos;
				SWIFT_OPTIMIZATION_LEVEL = "-Owholemodule";
				TARGETED_DEVICE_FAMILY = "1,2";
				VALIDATE_PRODUCT = YES;
				VERSIONING_SYSTEM = "apple-generic";
				VERSION_INFO_PREFIX = "";
			};
			name = Release;
		};
		CE6086FB1F0662A1007E99DC /* Debug */ = {
			isa = XCBuildConfiguration;
			buildSettings = {
				CLANG_ENABLE_MODULES = YES;
				CODE_SIGN_IDENTITY = "";
				DEFINES_MODULE = YES;
				DEVELOPMENT_TEAM = DD5P45UV7Y;
				DYLIB_COMPATIBILITY_VERSION = 1;
				DYLIB_CURRENT_VERSION = 1;
				DYLIB_INSTALL_NAME_BASE = "@rpath";
				FRAMEWORK_SEARCH_PATHS = (
					"$(inherited)",
					"$(PROJECT_DIR)/Network",
					"$(PROJECT_DIR)/Carthage/Build/iOS",
				);
				INFOPLIST_FILE = Network/Info.plist;
				INSTALL_PATH = "$(LOCAL_LIBRARY_DIR)/Frameworks";
				LD_RUNPATH_SEARCH_PATHS = "$(inherited) @executable_path/Frameworks @loader_path/Frameworks";
				PRODUCT_BUNDLE_IDENTIFIER = "-6166666843.Network";
				PRODUCT_NAME = "$(TARGET_NAME)";
				SKIP_INSTALL = YES;
				SWIFT_OPTIMIZATION_LEVEL = "-Onone";
				SWIFT_VERSION = 4.0;
			};
			name = Debug;
		};
		CE6086FC1F0662A1007E99DC /* Release */ = {
			isa = XCBuildConfiguration;
			buildSettings = {
				CLANG_ENABLE_MODULES = YES;
				CODE_SIGN_IDENTITY = "";
				DEFINES_MODULE = YES;
				DEVELOPMENT_TEAM = DD5P45UV7Y;
				DYLIB_COMPATIBILITY_VERSION = 1;
				DYLIB_CURRENT_VERSION = 1;
				DYLIB_INSTALL_NAME_BASE = "@rpath";
				FRAMEWORK_SEARCH_PATHS = (
					"$(inherited)",
					"$(PROJECT_DIR)/Network",
					"$(PROJECT_DIR)/Carthage/Build/iOS",
				);
				INFOPLIST_FILE = Network/Info.plist;
				INSTALL_PATH = "$(LOCAL_LIBRARY_DIR)/Frameworks";
				LD_RUNPATH_SEARCH_PATHS = "$(inherited) @executable_path/Frameworks @loader_path/Frameworks";
				PRODUCT_BUNDLE_IDENTIFIER = "-6166666843.Network";
				PRODUCT_NAME = "$(TARGET_NAME)";
				SKIP_INSTALL = YES;
				SWIFT_VERSION = 4.0;
			};
			name = Release;
		};
		CE820BB92099EBAB00A41DB1 /* Debug */ = {
			isa = XCBuildConfiguration;
			buildSettings = {
				ALWAYS_EMBED_SWIFT_STANDARD_LIBRARIES = YES;
				CLANG_CXX_LANGUAGE_STANDARD = "gnu++14";
				CLANG_ENABLE_OBJC_WEAK = YES;
				CLANG_WARN_DEPRECATED_OBJC_IMPLEMENTATIONS = YES;
				CLANG_WARN_OBJC_IMPLICIT_RETAIN_SELF = YES;
				CLANG_WARN_UNGUARDED_AVAILABILITY = YES_AGGRESSIVE;
				CODE_SIGN_IDENTITY = "iPhone Developer";
				CODE_SIGN_STYLE = Automatic;
				DEVELOPMENT_TEAM = DD5P45UV7Y;
				GCC_C_LANGUAGE_STANDARD = gnu11;
				INFOPLIST_FILE = NetworkTests/Info.plist;
				IPHONEOS_DEPLOYMENT_TARGET = 11.3;
				LD_RUNPATH_SEARCH_PATHS = "$(inherited) @executable_path/Frameworks @loader_path/Frameworks";
				PRODUCT_BUNDLE_IDENTIFIER = "-6166666843.NetworkTests";
				PRODUCT_NAME = "$(TARGET_NAME)";
				TARGETED_DEVICE_FAMILY = "1,2";
			};
			name = Debug;
		};
		CE820BBA2099EBAB00A41DB1 /* Release */ = {
			isa = XCBuildConfiguration;
			buildSettings = {
				ALWAYS_EMBED_SWIFT_STANDARD_LIBRARIES = YES;
				CLANG_CXX_LANGUAGE_STANDARD = "gnu++14";
				CLANG_ENABLE_OBJC_WEAK = YES;
				CLANG_WARN_DEPRECATED_OBJC_IMPLEMENTATIONS = YES;
				CLANG_WARN_OBJC_IMPLICIT_RETAIN_SELF = YES;
				CLANG_WARN_UNGUARDED_AVAILABILITY = YES_AGGRESSIVE;
				CODE_SIGN_IDENTITY = "iPhone Developer";
				CODE_SIGN_STYLE = Automatic;
				DEVELOPMENT_TEAM = DD5P45UV7Y;
				GCC_C_LANGUAGE_STANDARD = gnu11;
				INFOPLIST_FILE = NetworkTests/Info.plist;
				IPHONEOS_DEPLOYMENT_TARGET = 11.3;
				LD_RUNPATH_SEARCH_PATHS = "$(inherited) @executable_path/Frameworks @loader_path/Frameworks";
				PRODUCT_BUNDLE_IDENTIFIER = "-6166666843.NetworkTests";
				PRODUCT_NAME = "$(TARGET_NAME)";
				TARGETED_DEVICE_FAMILY = "1,2";
			};
			name = Release;
		};
		CE9AEA411F711F860010D22E /* Debug */ = {
			isa = XCBuildConfiguration;
			buildSettings = {
				APPLICATION_EXTENSION_API_ONLY = YES;
				CLANG_CXX_LANGUAGE_STANDARD = "gnu++14";
				CLANG_WARN_UNGUARDED_AVAILABILITY = YES_AGGRESSIVE;
				CODE_SIGN_IDENTITY = "";
				CODE_SIGN_STYLE = Automatic;
				DEFINES_MODULE = YES;
				DEVELOPMENT_TEAM = DD5P45UV7Y;
				DYLIB_COMPATIBILITY_VERSION = 1;
				DYLIB_CURRENT_VERSION = 1;
				DYLIB_INSTALL_NAME_BASE = "@rpath";
				GCC_C_LANGUAGE_STANDARD = gnu11;
				INFOPLIST_FILE = Network_watchOS/Info.plist;
				INSTALL_PATH = "$(LOCAL_LIBRARY_DIR)/Frameworks";
				LD_RUNPATH_SEARCH_PATHS = "$(inherited) @executable_path/Frameworks @loader_path/Frameworks";
				PRODUCT_BUNDLE_IDENTIFIER = "-6166666843.Network";
				PRODUCT_NAME = "$(TARGET_NAME:c99extidentifier)";
				SDKROOT = watchos;
				SKIP_INSTALL = YES;
				SWIFT_ACTIVE_COMPILATION_CONDITIONS = DEBUG;
				SWIFT_OPTIMIZATION_LEVEL = "-Onone";
				SWIFT_VERSION = 4.0;
				TARGETED_DEVICE_FAMILY = 4;
				WATCHOS_DEPLOYMENT_TARGET = 2.0;
			};
			name = Debug;
		};
		CE9AEA421F711F860010D22E /* Release */ = {
			isa = XCBuildConfiguration;
			buildSettings = {
				APPLICATION_EXTENSION_API_ONLY = YES;
				CLANG_CXX_LANGUAGE_STANDARD = "gnu++14";
				CLANG_WARN_UNGUARDED_AVAILABILITY = YES_AGGRESSIVE;
				CODE_SIGN_IDENTITY = "";
				CODE_SIGN_STYLE = Automatic;
				DEFINES_MODULE = YES;
				DEVELOPMENT_TEAM = DD5P45UV7Y;
				DYLIB_COMPATIBILITY_VERSION = 1;
				DYLIB_CURRENT_VERSION = 1;
				DYLIB_INSTALL_NAME_BASE = "@rpath";
				GCC_C_LANGUAGE_STANDARD = gnu11;
				INFOPLIST_FILE = Network_watchOS/Info.plist;
				INSTALL_PATH = "$(LOCAL_LIBRARY_DIR)/Frameworks";
				LD_RUNPATH_SEARCH_PATHS = "$(inherited) @executable_path/Frameworks @loader_path/Frameworks";
				PRODUCT_BUNDLE_IDENTIFIER = "-6166666843.Network";
				PRODUCT_NAME = "$(TARGET_NAME:c99extidentifier)";
				SDKROOT = watchos;
				SKIP_INSTALL = YES;
				SWIFT_VERSION = 4.0;
				TARGETED_DEVICE_FAMILY = 4;
				WATCHOS_DEPLOYMENT_TARGET = 2.0;
			};
			name = Release;
		};
		CE9AEA4E1F711F930010D22E /* Debug */ = {
			isa = XCBuildConfiguration;
			buildSettings = {
				CLANG_CXX_LANGUAGE_STANDARD = "gnu++14";
				CLANG_WARN_UNGUARDED_AVAILABILITY = YES_AGGRESSIVE;
				CODE_SIGN_IDENTITY = "";
				CODE_SIGN_STYLE = Automatic;
				DEFINES_MODULE = YES;
				DEVELOPMENT_TEAM = DD5P45UV7Y;
				DYLIB_COMPATIBILITY_VERSION = 1;
				DYLIB_CURRENT_VERSION = 1;
				DYLIB_INSTALL_NAME_BASE = "@rpath";
				GCC_C_LANGUAGE_STANDARD = gnu11;
				INFOPLIST_FILE = Network_tvOS/Info.plist;
				INSTALL_PATH = "$(LOCAL_LIBRARY_DIR)/Frameworks";
				LD_RUNPATH_SEARCH_PATHS = "$(inherited) @executable_path/Frameworks @loader_path/Frameworks";
				PRODUCT_BUNDLE_IDENTIFIER = "-6166666843.Network";
				PRODUCT_NAME = "$(TARGET_NAME:c99extidentifier)";
				SDKROOT = appletvos;
				SKIP_INSTALL = YES;
				SWIFT_ACTIVE_COMPILATION_CONDITIONS = DEBUG;
				SWIFT_OPTIMIZATION_LEVEL = "-Onone";
				SWIFT_VERSION = 4.0;
				TARGETED_DEVICE_FAMILY = 3;
				TVOS_DEPLOYMENT_TARGET = 9.0;
			};
			name = Debug;
		};
		CE9AEA4F1F711F930010D22E /* Release */ = {
			isa = XCBuildConfiguration;
			buildSettings = {
				CLANG_CXX_LANGUAGE_STANDARD = "gnu++14";
				CLANG_WARN_UNGUARDED_AVAILABILITY = YES_AGGRESSIVE;
				CODE_SIGN_IDENTITY = "";
				CODE_SIGN_STYLE = Automatic;
				DEFINES_MODULE = YES;
				DEVELOPMENT_TEAM = DD5P45UV7Y;
				DYLIB_COMPATIBILITY_VERSION = 1;
				DYLIB_CURRENT_VERSION = 1;
				DYLIB_INSTALL_NAME_BASE = "@rpath";
				GCC_C_LANGUAGE_STANDARD = gnu11;
				INFOPLIST_FILE = Network_tvOS/Info.plist;
				INSTALL_PATH = "$(LOCAL_LIBRARY_DIR)/Frameworks";
				LD_RUNPATH_SEARCH_PATHS = "$(inherited) @executable_path/Frameworks @loader_path/Frameworks";
				PRODUCT_BUNDLE_IDENTIFIER = "-6166666843.Network";
				PRODUCT_NAME = "$(TARGET_NAME:c99extidentifier)";
				SDKROOT = appletvos;
				SKIP_INSTALL = YES;
				SWIFT_VERSION = 4.0;
				TARGETED_DEVICE_FAMILY = 3;
				TVOS_DEPLOYMENT_TARGET = 9.0;
			};
			name = Release;
		};
		CE9AEA5B1F711FA30010D22E /* Debug */ = {
			isa = XCBuildConfiguration;
			buildSettings = {
				CLANG_CXX_LANGUAGE_STANDARD = "gnu++14";
				CLANG_WARN_UNGUARDED_AVAILABILITY = YES_AGGRESSIVE;
				CODE_SIGN_IDENTITY = "";
				CODE_SIGN_STYLE = Automatic;
				COMBINE_HIDPI_IMAGES = YES;
				DEFINES_MODULE = YES;
				DEVELOPMENT_TEAM = DD5P45UV7Y;
				DYLIB_COMPATIBILITY_VERSION = 1;
				DYLIB_CURRENT_VERSION = 1;
				DYLIB_INSTALL_NAME_BASE = "@rpath";
				FRAMEWORK_VERSION = A;
				GCC_C_LANGUAGE_STANDARD = gnu11;
				INFOPLIST_FILE = Network_macOS/Info.plist;
				INSTALL_PATH = "$(LOCAL_LIBRARY_DIR)/Frameworks";
				LD_RUNPATH_SEARCH_PATHS = "$(inherited) @executable_path/../Frameworks @loader_path/Frameworks";
				MACOSX_DEPLOYMENT_TARGET = 10.9;
				PRODUCT_BUNDLE_IDENTIFIER = "-6166666843.Network";
				PRODUCT_NAME = "$(TARGET_NAME:c99extidentifier)";
				SDKROOT = macosx;
				SKIP_INSTALL = YES;
				SWIFT_ACTIVE_COMPILATION_CONDITIONS = DEBUG;
				SWIFT_OPTIMIZATION_LEVEL = "-Onone";
				SWIFT_VERSION = 4.0;
			};
			name = Debug;
		};
		CE9AEA5C1F711FA30010D22E /* Release */ = {
			isa = XCBuildConfiguration;
			buildSettings = {
				CLANG_CXX_LANGUAGE_STANDARD = "gnu++14";
				CLANG_WARN_UNGUARDED_AVAILABILITY = YES_AGGRESSIVE;
				CODE_SIGN_IDENTITY = "";
				CODE_SIGN_STYLE = Automatic;
				COMBINE_HIDPI_IMAGES = YES;
				DEFINES_MODULE = YES;
				DEVELOPMENT_TEAM = DD5P45UV7Y;
				DYLIB_COMPATIBILITY_VERSION = 1;
				DYLIB_CURRENT_VERSION = 1;
				DYLIB_INSTALL_NAME_BASE = "@rpath";
				FRAMEWORK_VERSION = A;
				GCC_C_LANGUAGE_STANDARD = gnu11;
				INFOPLIST_FILE = Network_macOS/Info.plist;
				INSTALL_PATH = "$(LOCAL_LIBRARY_DIR)/Frameworks";
				LD_RUNPATH_SEARCH_PATHS = "$(inherited) @executable_path/../Frameworks @loader_path/Frameworks";
				MACOSX_DEPLOYMENT_TARGET = 10.9;
				PRODUCT_BUNDLE_IDENTIFIER = "-6166666843.Network";
				PRODUCT_NAME = "$(TARGET_NAME:c99extidentifier)";
				SDKROOT = macosx;
				SKIP_INSTALL = YES;
				SWIFT_VERSION = 4.0;
			};
			name = Release;
		};
/* End XCBuildConfiguration section */

/* Begin XCConfigurationList section */
		CE6086EC1F0662A0007E99DC /* Build configuration list for PBXProject "Network" */ = {
			isa = XCConfigurationList;
			buildConfigurations = (
				CE6086F81F0662A1007E99DC /* Debug */,
				CE6086F91F0662A1007E99DC /* Release */,
			);
			defaultConfigurationIsVisible = 0;
			defaultConfigurationName = Release;
		};
		CE6086FA1F0662A1007E99DC /* Build configuration list for PBXNativeTarget "Network" */ = {
			isa = XCConfigurationList;
			buildConfigurations = (
				CE6086FB1F0662A1007E99DC /* Debug */,
				CE6086FC1F0662A1007E99DC /* Release */,
			);
			defaultConfigurationIsVisible = 0;
			defaultConfigurationName = Release;
		};
		CE820BB82099EBAB00A41DB1 /* Build configuration list for PBXNativeTarget "NetworkTests" */ = {
			isa = XCConfigurationList;
			buildConfigurations = (
				CE820BB92099EBAB00A41DB1 /* Debug */,
				CE820BBA2099EBAB00A41DB1 /* Release */,
			);
			defaultConfigurationIsVisible = 0;
			defaultConfigurationName = Release;
		};
		CE9AEA401F711F860010D22E /* Build configuration list for PBXNativeTarget "Network_watchOS" */ = {
			isa = XCConfigurationList;
			buildConfigurations = (
				CE9AEA411F711F860010D22E /* Debug */,
				CE9AEA421F711F860010D22E /* Release */,
			);
			defaultConfigurationIsVisible = 0;
			defaultConfigurationName = Release;
		};
		CE9AEA4D1F711F930010D22E /* Build configuration list for PBXNativeTarget "Network_tvOS" */ = {
			isa = XCConfigurationList;
			buildConfigurations = (
				CE9AEA4E1F711F930010D22E /* Debug */,
				CE9AEA4F1F711F930010D22E /* Release */,
			);
			defaultConfigurationIsVisible = 0;
			defaultConfigurationName = Release;
		};
		CE9AEA5A1F711FA30010D22E /* Build configuration list for PBXNativeTarget "Network_macOS" */ = {
			isa = XCConfigurationList;
			buildConfigurations = (
				CE9AEA5B1F711FA30010D22E /* Debug */,
				CE9AEA5C1F711FA30010D22E /* Release */,
			);
			defaultConfigurationIsVisible = 0;
			defaultConfigurationName = Release;
		};
/* End XCConfigurationList section */
	};
	rootObject = CE6086E91F0662A0007E99DC /* Project object */;
}
